<?xml version="1.0" encoding="utf-8"?>
<Project ToolsVersion="12.0" xmlns="http://schemas.microsoft.com/developer/msbuild/2003">
  <ItemGroup>
    <ClCompile Include="$(MSBuildThisFileDirectory)src\XB_GLCD.cpp" />
    <ClCompile Include="$(MSBuildThisFileDirectory)src\XB_GLCD_S1D15710.cpp" />
    <ClCompile Include="$(MSBuildThisFileDirectory)src\XB_GLCD_SSD1306.cpp" />
  </ItemGroup>
  <ItemGroup>
    <ClInclude Include="$(MSBuildThisFileDirectory)src\XB_GLCD.h" />
    <ClInclude Include="$(MSBuildThisFileDirectory)src\XB_GLCD_S1D15710.h" />
    <ClInclude Include="$(MSBuildThisFileDirectory)src\xb_Font_4x6.h" />
    <ClInclude Include="$(MSBuildThisFileDirectory)src\XB_FONTARIALBLACK_40.h" />
    <ClInclude Include="$(MSBuildThisFileDirectory)src\XB_FONTARIALCE_15.h" />
    <ClInclude Include="$(MSBuildThisFileDirectory)src\XB_FONTCOMMODORE64_8.h" />
    <ClInclude Include="$(MSBuildThisFileDirectory)src\XB_FONTCOMMODORE64H_8.h" />
    <ClInclude Include="$(MSBuildThisFileDirectory)src\XB_FONTCOURIERNEWCE_12.h" />
    <ClInclude Include="$(MSBuildThisFileDirectory)src\XB_FONTSYSTEM_12.h" />
    <ClInclude Include="$(MSBuildThisFileDirectory)src\XB_GLCD_SSD1306.h" />
  </ItemGroup>
</Project>